# This file is automatically @generated by Cargo.
# It is not intended for manual editing.
version = 3

[[package]]
name = "inmemory_simple"
version = "0.1.0"
dependencies = [
 "serdo",
]

[[package]]
name = "serdo"
version = "0.1.2"
source = "registry+https://github.com/rust-lang/crates.io-index"
checksum = "ff61667556b5afa83f3bbd50c40918fc72e128af259e5317d9f0eb937904dfd0"
